
Microsoft Visual Studio Solution File, Format Version 12.00
# Visual Studio Version 17
VisualStudioVersion = 17.2.32616.157
MinimumVisualStudioVersion = 10.0.40219.1
Project("{9A19103F-16F7-4668-BE54-9A1E7A4F7556}") = "RMF.DAL", "RMF.DAL\RMF.DAL.csproj", "{35C3EBD3-F784-4BB4-B320-3B8D2726C691}"
EndProject
Project("{9A19103F-16F7-4668-BE54-9A1E7A4F7556}") = "RMF.DataInserter", "RMF.DataInserter\RMF.DataInserter.csproj", "{58E7729D-3347-44B1-BB0D-F118AC29297D}"
EndProject
Project("{9A19103F-16F7-4668-BE54-9A1E7A4F7556}") = "RMF.Website", "RMF.Website\RMF.Website.csproj", "{1F14F25E-8CA3-454A-ADC5-C922DA5431B3}"
EndProject
Project("{9A19103F-16F7-4668-BE54-9A1E7A4F7556}") = "RMF.WebAPI.Client", "RMF.WebAPI.Client\RMF.WebAPI.Client.csproj", "{6D8733F6-B9D3-4D26-95A7-3EAEBA8A6F2E}"
EndProject
Project("{9A19103F-16F7-4668-BE54-9A1E7A4F7556}") = "RMF.WebAPI", "RMF.WebAPI\RMF.WebAPI.csproj", "{12224731-0586-4950-B73F-B3BDA8739B67}"
EndProject
Global
	GlobalSection(SolutionConfigurationPlatforms) = preSolution
		Debug|Any CPU = Debug|Any CPU
		Release|Any CPU = Release|Any CPU
	EndGlobalSection
	GlobalSection(ProjectConfigurationPlatforms) = postSolution
		{35C3EBD3-F784-4BB4-B320-3B8D2726C691}.Debug|Any CPU.ActiveCfg = Debug|Any CPU
		{35C3EBD3-F784-4BB4-B320-3B8D2726C691}.Debug|Any CPU.Build.0 = Debug|Any CPU
		{35C3EBD3-F784-4BB4-B320-3B8D2726C691}.Release|Any CPU.ActiveCfg = Release|Any CPU
		{35C3EBD3-F784-4BB4-B320-3B8D2726C691}.Release|Any CPU.Build.0 = Release|Any CPU
		{58E7729D-3347-44B1-BB0D-F118AC29297D}.Debug|Any CPU.ActiveCfg = Debug|Any CPU
		{58E7729D-3347-44B1-BB0D-F118AC29297D}.Debug|Any CPU.Build.0 = Debug|Any CPU
		{58E7729D-3347-44B1-BB0D-F118AC29297D}.Release|Any CPU.ActiveCfg = Release|Any CPU
		{58E7729D-3347-44B1-BB0D-F118AC29297D}.Release|Any CPU.Build.0 = Release|Any CPU
		{1F14F25E-8CA3-454A-ADC5-C922DA5431B3}.Debug|Any CPU.ActiveCfg = Debug|Any CPU
		{1F14F25E-8CA3-454A-ADC5-C922DA5431B3}.Debug|Any CPU.Build.0 = Debug|Any CPU
		{1F14F25E-8CA3-454A-ADC5-C922DA5431B3}.Release|Any CPU.ActiveCfg = Release|Any CPU
		{1F14F25E-8CA3-454A-ADC5-C922DA5431B3}.Release|Any CPU.Build.0 = Release|Any CPU
		{6D8733F6-B9D3-4D26-95A7-3EAEBA8A6F2E}.Debug|Any CPU.ActiveCfg = Debug|Any CPU
		{6D8733F6-B9D3-4D26-95A7-3EAEBA8A6F2E}.Debug|Any CPU.Build.0 = Debug|Any CPU
		{6D8733F6-B9D3-4D26-95A7-3EAEBA8A6F2E}.Release|Any CPU.ActiveCfg = Release|Any CPU
		{6D8733F6-B9D3-4D26-95A7-3EAEBA8A6F2E}.Release|Any CPU.Build.0 = Release|Any CPU
		{12224731-0586-4950-B73F-B3BDA8739B67}.Debug|Any CPU.ActiveCfg = Debug|Any CPU
		{12224731-0586-4950-B73F-B3BDA8739B67}.Debug|Any CPU.Build.0 = Debug|Any CPU
		{12224731-0586-4950-B73F-B3BDA8739B67}.Release|Any CPU.ActiveCfg = Release|Any CPU
		{12224731-0586-4950-B73F-B3BDA8739B67}.Release|Any CPU.Build.0 = Release|Any CPU
	EndGlobalSection
	GlobalSection(SolutionProperties) = preSolution
		HideSolutionNode = FALSE
	EndGlobalSection
	GlobalSection(ExtensibilityGlobals) = postSolution
		SolutionGuid = {F64EC242-FFF8-4527-8424-8543CB84A72C}
	EndGlobalSection
EndGlobal
